// !$*UTF8*$!
{
	archiveVersion = 1;
	classes = {
	};
	objectVersion = 50;
	objects = {

/* Begin PBXBuildFile section */
		A473B39D2104240D00519A01 /* AppDelegate.swift in Sources */ = {isa = PBXBuildFile; fileRef = A473B39C2104240D00519A01 /* AppDelegate.swift */; };
		A473B39F2104240D00519A01 /* ViewController.swift in Sources */ = {isa = PBXBuildFile; fileRef = A473B39E2104240D00519A01 /* ViewController.swift */; };
		A473B3A22104240D00519A01 /* Main.storyboard in Resources */ = {isa = PBXBuildFile; fileRef = A473B3A02104240D00519A01 /* Main.storyboard */; };
		A473B3A42104240E00519A01 /* Assets.xcassets in Resources */ = {isa = PBXBuildFile; fileRef = A473B3A32104240E00519A01 /* Assets.xcassets */; };
		A473B3A72104240E00519A01 /* LaunchScreen.storyboard in Resources */ = {isa = PBXBuildFile; fileRef = A473B3A52104240E00519A01 /* LaunchScreen.storyboard */; };
		E1FC2F2C191B42B2CDCA3B72 /* Pods_MakestagramRin.framework in Frameworks */ = {isa = PBXBuildFile; fileRef = 35559D5612DE61D9EC94FBB2 /* Pods_MakestagramRin.framework */; };
/* End PBXBuildFile section */

/* Begin PBXFileReference section */
		35559D5612DE61D9EC94FBB2 /* Pods_MakestagramRin.framework */ = {isa = PBXFileReference; explicitFileType = wrapper.framework; includeInIndex = 0; path = Pods_MakestagramRin.framework; sourceTree = BUILT_PRODUCTS_DIR; };
		68E2026BB5D7614F993649FE /* Pods-MakestagramRin.release.xcconfig */ = {isa = PBXFileReference; includeInIndex = 1; lastKnownFileType = text.xcconfig; name = "Pods-MakestagramRin.release.xcconfig"; path = "Pods/Target Support Files/Pods-MakestagramRin/Pods-MakestagramRin.release.xcconfig"; sourceTree = "<group>"; };
		A473B3992104240D00519A01 /* MakestagramRin.app */ = {isa = PBXFileReference; explicitFileType = wrapper.application; includeInIndex = 0; path = MakestagramRin.app; sourceTree = BUILT_PRODUCTS_DIR; };
		A473B39C2104240D00519A01 /* AppDelegate.swift */ = {isa = PBXFileReference; lastKnownFileType = sourcecode.swift; path = AppDelegate.swift; sourceTree = "<group>"; };
		A473B39E2104240D00519A01 /* ViewController.swift */ = {isa = PBXFileReference; lastKnownFileType = sourcecode.swift; path = ViewController.swift; sourceTree = "<group>"; };
		A473B3A12104240D00519A01 /* Base */ = {isa = PBXFileReference; lastKnownFileType = file.storyboard; name = Base; path = Base.lproj/Main.storyboard; sourceTree = "<group>"; };
		A473B3A32104240E00519A01 /* Assets.xcassets */ = {isa = PBXFileReference; lastKnownFileType = folder.assetcatalog; path = Assets.xcassets; sourceTree = "<group>"; };
		A473B3A62104240E00519A01 /* Base */ = {isa = PBXFileReference; lastKnownFileType = file.storyboard; name = Base; path = Base.lproj/LaunchScreen.storyboard; sourceTree = "<group>"; };
		A473B3A82104240E00519A01 /* Info.plist */ = {isa = PBXFileReference; lastKnownFileType = text.plist.xml; path = Info.plist; sourceTree = "<group>"; };
		E52DC5430D594F492DC74A8C /* Pods-MakestagramRin.debug.xcconfig */ = {isa = PBXFileReference; includeInIndex = 1; lastKnownFileType = text.xcconfig; name = "Pods-MakestagramRin.debug.xcconfig"; path = "Pods/Target Support Files/Pods-MakestagramRin/Pods-MakestagramRin.debug.xcconfig"; sourceTree = "<group>"; };
/* End PBXFileReference section */

/* Begin PBXFrameworksBuildPhase section */
		A473B3962104240D00519A01 /* Frameworks */ = {
			isa = PBXFrameworksBuildPhase;
			buildActionMask = 2147483647;
			files = (
				E1FC2F2C191B42B2CDCA3B72 /* Pods_MakestagramRin.framework in Frameworks */,
			);
			runOnlyForDeploymentPostprocessing = 0;
		};
/* End PBXFrameworksBuildPhase section */

/* Begin PBXGroup section */
		0EF407AF71E67542A341E535 /* Frameworks */ = {
			isa = PBXGroup;
			children = (
				35559D5612DE61D9EC94FBB2 /* Pods_MakestagramRin.framework */,
			);
			name = Frameworks;
			sourceTree = "<group>";
		};
		7F92E5928784B59ECC4492FE /* Pods */ = {
			isa = PBXGroup;
			children = (
				E52DC5430D594F492DC74A8C /* Pods-MakestagramRin.debug.xcconfig */,
				68E2026BB5D7614F993649FE /* Pods-MakestagramRin.release.xcconfig */,
			);
			name = Pods;
			sourceTree = "<group>";
		};
		A473B3902104240D00519A01 = {
			isa = PBXGroup;
			children = (
				A473B39B2104240D00519A01 /* MakestagramRin */,
				A473B39A2104240D00519A01 /* Products */,
				7F92E5928784B59ECC4492FE /* Pods */,
				0EF407AF71E67542A341E535 /* Frameworks */,
			);
			sourceTree = "<group>";
		};
		A473B39A2104240D00519A01 /* Products */ = {
			isa = PBXGroup;
			children = (
				A473B3992104240D00519A01 /* MakestagramRin.app */,
			);
			name = Products;
			sourceTree = "<group>";
		};
		A473B39B2104240D00519A01 /* MakestagramRin */ = {
			isa = PBXGroup;
			children = (
				A473B39C2104240D00519A01 /* AppDelegate.swift */,
				A473B39E2104240D00519A01 /* ViewController.swift */,
				A473B3A02104240D00519A01 /* Main.storyboard */,
				A473B3A32104240E00519A01 /* Assets.xcassets */,
				A473B3A52104240E00519A01 /* LaunchScreen.storyboard */,
				A473B3A82104240E00519A01 /* Info.plist */,
			);
			path = MakestagramRin;
			sourceTree = "<group>";
		};
/* End PBXGroup section */

/* Begin PBXNativeTarget section */
		A473B3982104240D00519A01 /* MakestagramRin */ = {
			isa = PBXNativeTarget;
			buildConfigurationList = A473B3AB2104240E00519A01 /* Build configuration list for PBXNativeTarget "MakestagramRin" */;
			buildPhases = (
				2909C8B55528E16185713FC9 /* [CP] Check Pods Manifest.lock */,
				A473B3952104240D00519A01 /* Sources */,
				A473B3962104240D00519A01 /* Frameworks */,
				A473B3972104240D00519A01 /* Resources */,
				060DCAB920D8F5874A98AC9C /* [CP] Embed Pods Frameworks */,
				8BD9BA9053AF6D6E93512DF6 /* [CP] Copy Pods Resources */,
			);
			buildRules = (
			);
			dependencies = (
			);
			name = MakestagramRin;
			productName = MakestagramRin;
			productReference = A473B3992104240D00519A01 /* MakestagramRin.app */;
			productType = "com.apple.product-type.application";
		};
/* End PBXNativeTarget section */

/* Begin PBXProject section */
		A473B3912104240D00519A01 /* Project object */ = {
			isa = PBXProject;
			attributes = {
				LastSwiftUpdateCheck = 0940;
				LastUpgradeCheck = 0940;
				ORGANIZATIONNAME = "Rinni Swift";
				TargetAttributes = {
					A473B3982104240D00519A01 = {
						CreatedOnToolsVersion = 9.4.1;
					};
				};
			};
			buildConfigurationList = A473B3942104240D00519A01 /* Build configuration list for PBXProject "MakestagramRin" */;
			compatibilityVersion = "Xcode 9.3";
			developmentRegion = en;
			hasScannedForEncodings = 0;
			knownRegions = (
				en,
				Base,
			);
			mainGroup = A473B3902104240D00519A01;
			productRefGroup = A473B39A2104240D00519A01 /* Products */;
			projectDirPath = "";
			projectRoot = "";
			targets = (
				A473B3982104240D00519A01 /* MakestagramRin */,
			);
		};
/* End PBXProject section */

/* Begin PBXResourcesBuildPhase section */
		A473B3972104240D00519A01 /* Resources */ = {
			isa = PBXResourcesBuildPhase;
			buildActionMask = 2147483647;
			files = (
				A473B3A72104240E00519A01 /* LaunchScreen.storyboard in Resources */,
				A473B3A42104240E00519A01 /* Assets.xcassets in Resources */,
				A473B3A22104240D00519A01 /* Main.storyboard in Resources */,
			);
			runOnlyForDeploymentPostprocessing = 0;
		};
/* End PBXResourcesBuildPhase section */

/* Begin PBXShellScriptBuildPhase section */
		060DCAB920D8F5874A98AC9C /* [CP] Embed Pods Frameworks */ = {
			isa = PBXShellScriptBuildPhase;
			buildActionMask = 2147483647;
			files = (
			);
			inputPaths = (
				"${SRCROOT}/Pods/Target Support Files/Pods-MakestagramRin/Pods-MakestagramRin-frameworks.sh",
				"${BUILT_PRODUCTS_DIR}/GTMSessionFetcher/GTMSessionFetcher.framework",
				"${BUILT_PRODUCTS_DIR}/GoogleToolboxForMac/GoogleToolboxForMac.framework",
				"${BUILT_PRODUCTS_DIR}/leveldb-library/leveldb.framework",
				"${BUILT_PRODUCTS_DIR}/nanopb/nanopb.framework",
			);
			name = "[CP] Embed Pods Frameworks";
			outputPaths = (
				"${TARGET_BUILD_DIR}/${FRAMEWORKS_FOLDER_PATH}/GTMSessionFetcher.framework",
				"${TARGET_BUILD_DIR}/${FRAMEWORKS_FOLDER_PATH}/GoogleToolboxForMac.framework",
				"${TARGET_BUILD_DIR}/${FRAMEWORKS_FOLDER_PATH}/leveldb.framework",
				"${TARGET_BUILD_DIR}/${FRAMEWORKS_FOLDER_PATH}/nanopb.framework",
			);
			runOnlyForDeploymentPostprocessing = 0;
			shellPath = /bin/sh;
			shellScript = "\"${SRCROOT}/Pods/Target Support Files/Pods-MakestagramRin/Pods-MakestagramRin-frameworks.sh\"\n";
			showEnvVarsInLog = 0;
		};
		2909C8B55528E16185713FC9 /* [CP] Check Pods Manifest.lock */ = {
			isa = PBXShellScriptBuildPhase;
			buildActionMask = 2147483647;
			files = (
			);
			inputPaths = (
				"${PODS_PODFILE_DIR_PATH}/Podfile.lock",
				"${PODS_ROOT}/Manifest.lock",
			);
			name = "[CP] Check Pods Manifest.lock";
			outputPaths = (
				"$(DERIVED_FILE_DIR)/Pods-MakestagramRin-checkManifestLockResult.txt",
			);
			runOnlyForDeploymentPostprocessing = 0;
			shellPath = /bin/sh;
			shellScript = "diff \"${PODS_PODFILE_DIR_PATH}/Podfile.lock\" \"${PODS_ROOT}/Manifest.lock\" > /dev/null\nif [ $? != 0 ] ; then\n    # print error to STDERR\n    echo \"error: The sandbox is not in sync with the Podfile.lock. Run 'pod install' or update your CocoaPods installation.\" >&2\n    exit 1\nfi\n# This output is used by Xcode 'outputs' to avoid re-running this script phase.\necho \"SUCCESS\" > \"${SCRIPT_OUTPUT_FILE_0}\"\n";
			showEnvVarsInLog = 0;
		};
		8BD9BA9053AF6D6E93512DF6 /* [CP] Copy Pods Resources */ = {
			isa = PBXShellScriptBuildPhase;
			buildActionMask = 2147483647;
			files = (
			);
			inputPaths = (
				"${SRCROOT}/Pods/Target Support Files/Pods-MakestagramRin/Pods-MakestagramRin-resources.sh",
				"${PODS_CONFIGURATION_BUILD_DIR}/FirebaseUI/FirebaseAuthUI.bundle",
			);
			name = "[CP] Copy Pods Resources";
			outputPaths = (
				"${TARGET_BUILD_DIR}/${UNLOCALIZED_RESOURCES_FOLDER_PATH}/FirebaseAuthUI.bundle",
			);
			runOnlyForDeploymentPostprocessing = 0;
			shellPath = /bin/sh;
			shellScript = "\"${SRCROOT}/Pods/Target Support Files/Pods-MakestagramRin/Pods-MakestagramRin-resources.sh\"\n";
			showEnvVarsInLog = 0;
		};
/* End PBXShellScriptBuildPhase section */

/* Begin PBXSourcesBuildPhase section */
		A473B3952104240D00519A01 /* Sources */ = {
			isa = PBXSourcesBuildPhase;
			buildActionMask = 2147483647;
			files = (
				A473B39F2104240D00519A01 /* ViewController.swift in Sources */,
				A473B39D2104240D00519A01 /* AppDelegate.swift in Sources */,
			);
			runOnlyForDeploymentPostprocessing = 0;
		};
/* End PBXSourcesBuildPhase section */

/* Begin PBXVariantGroup section */
		A473B3A02104240D00519A01 /* Main.storyboard */ = {
			isa = PBXVariantGroup;
			children = (
				A473B3A12104240D00519A01 /* Base */,
			);
			name = Main.storyboard;
			sourceTree = "<group>";
		};
		A473B3A52104240E00519A01 /* LaunchScreen.storyboard */ = {
			isa = PBXVariantGroup;
			children = (
				A473B3A62104240E00519A01 /* Base */,
			);
			name = LaunchScreen.storyboard;
			sourceTree = "<group>";
		};
/* End PBXVariantGroup section */

/* Begin XCBuildConfiguration section */
		A473B3A92104240E00519A01 /* Debug */ = {
			isa = XCBuildConfiguration;
			buildSettings = {
				ALWAYS_SEARCH_USER_PATHS = NO;
				CLANG_ANALYZER_NONNULL = YES;
				CLANG_ANALYZER_NUMBER_OBJECT_CONVERSION = YES_AGGRESSIVE;
				CLANG_CXX_LANGUAGE_STANDARD = "gnu++14";
				CLANG_CXX_LIBRARY = "libc++";
				CLANG_ENABLE_MODULES = YES;
				CLANG_ENABLE_OBJC_ARC = YES;
				CLANG_ENABLE_OBJC_WEAK = YES;
				CLANG_WARN_BLOCK_CAPTURE_AUTORELEASING = YES;
				CLANG_WARN_BOOL_CONVERSION = YES;
				CLANG_WARN_COMMA = YES;
				CLANG_WARN_CONSTANT_CONVERSION = YES;
				CLANG_WARN_DEPRECATED_OBJC_IMPLEMENTATIONS = YES;
				CLANG_WARN_DIRECT_OBJC_ISA_USAGE = YES_ERROR;
				CLANG_WARN_DOCUMENTATION_COMMENTS = YES;
				CLANG_WARN_EMPTY_BODY = YES;
				CLANG_WARN_ENUM_CONVERSION = YES;
				CLANG_WARN_INFINITE_RECURSION = YES;
				CLANG_WARN_INT_CONVERSION = YES;
				CLANG_WARN_NON_LITERAL_NULL_CONVERSION = YES;
				CLANG_WARN_OBJC_IMPLICIT_RETAIN_SELF = YES;
				CLANG_WARN_OBJC_LITERAL_CONVERSION = YES;
				CLANG_WARN_OBJC_ROOT_CLASS = YES_ERROR;
				CLANG_WARN_RANGE_LOOP_ANALYSIS = YES;
				CLANG_WARN_STRICT_PROTOTYPES = YES;
				CLANG_WARN_SUSPICIOUS_MOVE = YES;
				CLANG_WARN_UNGUARDED_AVAILABILITY = YES_AGGRESSIVE;
				CLANG_WARN_UNREACHABLE_CODE = YES;
				CLANG_WARN__DUPLICATE_METHOD_MATCH = YES;
				CODE_SIGN_IDENTITY = "iPhone Developer";
				COPY_PHASE_STRIP = NO;
				DEBUG_INFORMATION_FORMAT = dwarf;
				ENABLE_STRICT_OBJC_MSGSEND = YES;
				ENABLE_TESTABILITY = YES;
				GCC_C_LANGUAGE_STANDARD = gnu11;
				GCC_DYNAMIC_NO_PIC = NO;
				GCC_NO_COMMON_BLOCKS = YES;
				GCC_OPTIMIZATION_LEVEL = 0;
				GCC_PREPROCESSOR_DEFINITIONS = (
					"DEBUG=1",
					"$(inherited)",
				);
				GCC_WARN_64_TO_32_BIT_CONVERSION = YES;
				GCC_WARN_ABOUT_RETURN_TYPE = YES_ERROR;
				GCC_WARN_UNDECLARED_SELECTOR = YES;
				GCC_WARN_UNINITIALIZED_AUTOS = YES_AGGRESSIVE;
				GCC_WARN_UNUSED_FUNCTION = YES;
				GCC_WARN_UNUSED_VARIABLE = YES;
				IPHONEOS_DEPLOYMENT_TARGET = 11.4;
				MTL_ENABLE_DEBUG_INFO = YES;
				ONLY_ACTIVE_ARCH = YES;
				SDKROOT = iphoneos;
				SWIFT_ACTIVE_COMPILATION_CONDITIONS = DEBUG;
				SWIFT_OPTIMIZATION_LEVEL = "-Onone";
			};
			name = Debug;
		};
		A473B3AA2104240E00519A01 /* Release */ = {
			isa = XCBuildConfiguration;
			buildSettings = {
				ALWAYS_SEARCH_USER_PATHS = NO;
				CLANG_ANALYZER_NONNULL = YES;
				CLANG_ANALYZER_NUMBER_OBJECT_CONVERSION = YES_AGGRESSIVE;
				CLANG_CXX_LANGUAGE_STANDARD = "gnu++14";
				CLANG_CXX_LIBRARY = "libc++";
				CLANG_ENABLE_MODULES = YES;
				CLANG_ENABLE_OBJC_ARC = YES;
				CLANG_ENABLE_OBJC_WEAK = YES;
				CLANG_WARN_BLOCK_CAPTURE_AUTORELEASING = YES;
				CLANG_WARN_BOOL_CONVERSION = YES;
				CLANG_WARN_COMMA = YES;
				CLANG_WARN_CONSTANT_CONVERSION = YES;
				CLANG_WARN_DEPRECATED_OBJC_IMPLEMENTATIONS = YES;
				CLANG_WARN_DIRECT_OBJC_ISA_USAGE = YES_ERROR;
				CLANG_WARN_DOCUMENTATION_COMMENTS = YES;
				CLANG_WARN_EMPTY_BODY = YES;
				CLANG_WARN_ENUM_CONVERSION = YES;
				CLANG_WARN_INFINITE_RECURSION = YES;
				CLANG_WARN_INT_CONVERSION = YES;
				CLANG_WARN_NON_LITERAL_NULL_CONVERSION = YES;
				CLANG_WARN_OBJC_IMPLICIT_RETAIN_SELF = YES;
				CLANG_WARN_OBJC_LITERAL_CONVERSION = YES;
				CLANG_WARN_OBJC_ROOT_CLASS = YES_ERROR;
				CLANG_WARN_RANGE_LOOP_ANALYSIS = YES;
				CLANG_WARN_STRICT_PROTOTYPES = YES;
				CLANG_WARN_SUSPICIOUS_MOVE = YES;
				CLANG_WARN_UNGUARDED_AVAILABILITY = YES_AGGRESSIVE;
				CLANG_WARN_UNREACHABLE_CODE = YES;
				CLANG_WARN__DUPLICATE_METHOD_MATCH = YES;
				CODE_SIGN_IDENTITY = "iPhone Developer";
				COPY_PHASE_STRIP = NO;
				DEBUG_INFORMATION_FORMAT = "dwarf-with-dsym";
				ENABLE_NS_ASSERTIONS = NO;
				ENABLE_STRICT_OBJC_MSGSEND = YES;
				GCC_C_LANGUAGE_STANDARD = gnu11;
				GCC_NO_COMMON_BLOCKS = YES;
				GCC_WARN_64_TO_32_BIT_CONVERSION = YES;
				GCC_WARN_ABOUT_RETURN_TYPE = YES_ERROR;
				GCC_WARN_UNDECLARED_SELECTOR = YES;
				GCC_WARN_UNINITIALIZED_AUTOS = YES_AGGRESSIVE;
				GCC_WARN_UNUSED_FUNCTION = YES;
				GCC_WARN_UNUSED_VARIABLE = YES;
				IPHONEOS_DEPLOYMENT_TARGET = 11.4;
				MTL_ENABLE_DEBUG_INFO = NO;
				SDKROOT = iphoneos;
				SWIFT_COMPILATION_MODE = wholemodule;
				SWIFT_OPTIMIZATION_LEVEL = "-O";
				VALIDATE_PRODUCT = YES;
			};
			name = Release;
		};
		A473B3AC2104240E00519A01 /* Debug */ = {
			isa = XCBuildConfiguration;
			baseConfigurationReference = E52DC5430D594F492DC74A8C /* Pods-MakestagramRin.debug.xcconfig */;
			buildSettings = {
				ASSETCATALOG_COMPILER_APPICON_NAME = AppIcon;
				CODE_SIGN_STYLE = Automatic;
				INFOPLIST_FILE = MakestagramRin/Info.plist;
				LD_RUNPATH_SEARCH_PATHS = (
					"$(inherited)",
					"@executable_path/Frameworks",
				);
				PRODUCT_BUNDLE_IDENTIFIER = rinniswift.MakestagramRin;
				PRODUCT_NAME = "$(TARGET_NAME)";
				SWIFT_VERSION = 4.0;
				TARGETED_DEVICE_FAMILY = "1,2";
			};
			name = Debug;
		};
		A473B3AD2104240E00519A01 /* Release */ = {
			isa = XCBuildConfiguration;
			baseConfigurationReference = 68E2026BB5D7614F993649FE /* Pods-MakestagramRin.release.xcconfig */;
			buildSettings = {
				ASSETCATALOG_COMPILER_APPICON_NAME = AppIcon;
				CODE_SIGN_STYLE = Automatic;
				INFOPLIST_FILE = MakestagramRin/Info.plist;
				LD_RUNPATH_SEARCH_PATHS = (
					"$(inherited)",
					"@executable_path/Frameworks",
				);
				PRODUCT_BUNDLE_IDENTIFIER = rinniswift.MakestagramRin;
				PRODUCT_NAME = "$(TARGET_NAME)";
				SWIFT_VERSION = 4.0;
				TARGETED_DEVICE_FAMILY = "1,2";
			};
			name = Release;
		};
/* End XCBuildConfiguration section */

/* Begin XCConfigurationList section */
		A473B3942104240D00519A01 /* Build configuration list for PBXProject "MakestagramRin" */ = {
			isa = XCConfigurationList;
			buildConfigurations = (
				A473B3A92104240E00519A01 /* Debug */,
				A473B3AA2104240E00519A01 /* Release */,
			);
			defaultConfigurationIsVisible = 0;
			defaultConfigurationName = Release;
		};
		A473B3AB2104240E00519A01 /* Build configuration list for PBXNativeTarget "MakestagramRin" */ = {
			isa = XCConfigurationList;
			buildConfigurations = (
				A473B3AC2104240E00519A01 /* Debug */,
				A473B3AD2104240E00519A01 /* Release */,
			);
			defaultConfigurationIsVisible = 0;
			defaultConfigurationName = Release;
		};
/* End XCConfigurationList section */
	};
	rootObject = A473B3912104240D00519A01 /* Project object */;
}
